// !$*UTF8*$!
{
	archiveVersion = 1;
	classes = {
	};
	objectVersion = 46;
	objects = {

/* Begin PBXBuildFile section */
		52E1FA5618256CA800E07979 /* Foundation.framework in Frameworks */ = {isa = PBXBuildFile; fileRef = 52E1FA5518256CA800E07979 /* Foundation.framework */; };
		52E1FA5818256CA800E07979 /* CoreGraphics.framework in Frameworks */ = {isa = PBXBuildFile; fileRef = 52E1FA5718256CA800E07979 /* CoreGraphics.framework */; };
		52E1FA5A18256CA800E07979 /* UIKit.framework in Frameworks */ = {isa = PBXBuildFile; fileRef = 52E1FA5918256CA800E07979 /* UIKit.framework */; };
		52E1FA6018256CA800E07979 /* InfoPlist.strings in Resources */ = {isa = PBXBuildFile; fileRef = 52E1FA5E18256CA800E07979 /* InfoPlist.strings */; };
		52E1FA6218256CA800E07979 /* main.m in Sources */ = {isa = PBXBuildFile; fileRef = 52E1FA6118256CA800E07979 /* main.m */; };
		52E1FA6618256CA800E07979 /* AppDelegate.m in Sources */ = {isa = PBXBuildFile; fileRef = 52E1FA6518256CA800E07979 /* AppDelegate.m */; };
		52E1FA6918256CA800E07979 /* Main.storyboard in Resources */ = {isa = PBXBuildFile; fileRef = 52E1FA6718256CA800E07979 /* Main.storyboard */; };
		52E1FA6C18256CA800E07979 /* ViewController.m in Sources */ = {isa = PBXBuildFile; fileRef = 52E1FA6B18256CA800E07979 /* ViewController.m */; };
		52E1FA6E18256CA800E07979 /* Images.xcassets in Resources */ = {isa = PBXBuildFile; fileRef = 52E1FA6D18256CA800E07979 /* Images.xcassets */; };
		52E1FA7518256CA900E07979 /* XCTest.framework in Frameworks */ = {isa = PBXBuildFile; fileRef = 52E1FA7418256CA900E07979 /* XCTest.framework */; };
		52E1FA7618256CA900E07979 /* Foundation.framework in Frameworks */ = {isa = PBXBuildFile; fileRef = 52E1FA5518256CA800E07979 /* Foundation.framework */; };
		52E1FA7718256CA900E07979 /* UIKit.framework in Frameworks */ = {isa = PBXBuildFile; fileRef = 52E1FA5918256CA800E07979 /* UIKit.framework */; };
		52E1FA7F18256CA900E07979 /* InfoPlist.strings in Resources */ = {isa = PBXBuildFile; fileRef = 52E1FA7D18256CA900E07979 /* InfoPlist.strings */; };
		52E1FA8118256CA900E07979 /* formTestTests.m in Sources */ = {isa = PBXBuildFile; fileRef = 52E1FA8018256CA900E07979 /* formTestTests.m */; };
		52E1FA8C1825756600E07979 /* welcome.m in Sources */ = {isa = PBXBuildFile; fileRef = 52E1FA8B1825756600E07979 /* welcome.m */; };
/* End PBXBuildFile section */

/* Begin PBXContainerItemProxy section */
		52E1FA7818256CA900E07979 /* PBXContainerItemProxy */ = {
			isa = PBXContainerItemProxy;
			containerPortal = 52E1FA4A18256CA800E07979 /* Project object */;
			proxyType = 1;
			remoteGlobalIDString = 52E1FA5118256CA800E07979;
			remoteInfo = formTest;
		};
/* End PBXContainerItemProxy section */

/* Begin PBXFileReference section */
		52E1FA5218256CA800E07979 /* formTest.app */ = {isa = PBXFileReference; explicitFileType = wrapper.application; includeInIndex = 0; path = formTest.app; sourceTree = BUILT_PRODUCTS_DIR; };
		52E1FA5518256CA800E07979 /* Foundation.framework */ = {isa = PBXFileReference; lastKnownFileType = wrapper.framework; name = Foundation.framework; path = System/Library/Frameworks/Foundation.framework; sourceTree = SDKROOT; };
		52E1FA5718256CA800E07979 /* CoreGraphics.framework */ = {isa = PBXFileReference; lastKnownFileType = wrapper.framework; name = CoreGraphics.framework; path = System/Library/Frameworks/CoreGraphics.framework; sourceTree = SDKROOT; };
		52E1FA5918256CA800E07979 /* UIKit.framework */ = {isa = PBXFileReference; lastKnownFileType = wrapper.framework; name = UIKit.framework; path = System/Library/Frameworks/UIKit.framework; sourceTree = SDKROOT; };
		52E1FA5D18256CA800E07979 /* formTest-Info.plist */ = {isa = PBXFileReference; lastKnownFileType = text.plist.xml; path = "formTest-Info.plist"; sourceTree = "<group>"; };
		52E1FA5F18256CA800E07979 /* en */ = {isa = PBXFileReference; lastKnownFileType = text.plist.strings; name = en; path = en.lproj/InfoPlist.strings; sourceTree = "<group>"; };
		52E1FA6118256CA800E07979 /* main.m */ = {isa = PBXFileReference; lastKnownFileType = sourcecode.c.objc; path = main.m; sourceTree = "<group>"; };
		52E1FA6318256CA800E07979 /* formTest-Prefix.pch */ = {isa = PBXFileReference; lastKnownFileType = sourcecode.c.h; path = "formTest-Prefix.pch"; sourceTree = "<group>"; };
		52E1FA6418256CA800E07979 /* AppDelegate.h */ = {isa = PBXFileReference; lastKnownFileType = sourcecode.c.h; path = AppDelegate.h; sourceTree = "<group>"; };
		52E1FA6518256CA800E07979 /* AppDelegate.m */ = {isa = PBXFileReference; lastKnownFileType = sourcecode.c.objc; path = AppDelegate.m; sourceTree = "<group>"; };
		52E1FA6818256CA800E07979 /* Base */ = {isa = PBXFileReference; lastKnownFileType = file.storyboard; name = Base; path = Base.lproj/Main.storyboard; sourceTree = "<group>"; };
		52E1FA6A18256CA800E07979 /* ViewController.h */ = {isa = PBXFileReference; lastKnownFileType = sourcecode.c.h; path = ViewController.h; sourceTree = "<group>"; };
		52E1FA6B18256CA800E07979 /* ViewController.m */ = {isa = PBXFileReference; lastKnownFileType = sourcecode.c.objc; path = ViewController.m; sourceTree = "<group>"; };
		52E1FA6D18256CA800E07979 /* Images.xcassets */ = {isa = PBXFileReference; lastKnownFileType = folder.assetcatalog; path = Images.xcassets; sourceTree = "<group>"; };
		52E1FA7318256CA900E07979 /* formTestTests.xctest */ = {isa = PBXFileReference; explicitFileType = wrapper.cfbundle; includeInIndex = 0; path = formTestTests.xctest; sourceTree = BUILT_PRODUCTS_DIR; };
		52E1FA7418256CA900E07979 /* XCTest.framework */ = {isa = PBXFileReference; lastKnownFileType = wrapper.framework; name = XCTest.framework; path = Library/Frameworks/XCTest.framework; sourceTree = DEVELOPER_DIR; };
		52E1FA7C18256CA900E07979 /* formTestTests-Info.plist */ = {isa = PBXFileReference; lastKnownFileType = text.plist.xml; path = "formTestTests-Info.plist"; sourceTree = "<group>"; };
		52E1FA7E18256CA900E07979 /* en */ = {isa = PBXFileReference; lastKnownFileType = text.plist.strings; name = en; path = en.lproj/InfoPlist.strings; sourceTree = "<group>"; };
		52E1FA8018256CA900E07979 /* formTestTests.m */ = {isa = PBXFileReference; lastKnownFileType = sourcecode.c.objc; path = formTestTests.m; sourceTree = "<group>"; };
		52E1FA8A1825756600E07979 /* welcome.h */ = {isa = PBXFileReference; fileEncoding = 4; lastKnownFileType = sourcecode.c.h; path = welcome.h; sourceTree = "<group>"; };
		52E1FA8B1825756600E07979 /* welcome.m */ = {isa = PBXFileReference; fileEncoding = 4; lastKnownFileType = sourcecode.c.objc; path = welcome.m; sourceTree = "<group>"; };
/* End PBXFileReference section */

/* Begin PBXFrameworksBuildPhase section */
		52E1FA4F18256CA800E07979 /* Frameworks */ = {
			isa = PBXFrameworksBuildPhase;
			buildActionMask = 2147483647;
			files = (
				52E1FA5818256CA800E07979 /* CoreGraphics.framework in Frameworks */,
				52E1FA5A18256CA800E07979 /* UIKit.framework in Frameworks */,
				52E1FA5618256CA800E07979 /* Foundation.framework in Frameworks */,
			);
			runOnlyForDeploymentPostprocessing = 0;
		};
		52E1FA7018256CA900E07979 /* Frameworks */ = {
			isa = PBXFrameworksBuildPhase;
			buildActionMask = 2147483647;
			files = (
				52E1FA7518256CA900E07979 /* XCTest.framework in Frameworks */,
				52E1FA7718256CA900E07979 /* UIKit.framework in Frameworks */,
				52E1FA7618256CA900E07979 /* Foundation.framework in Frameworks */,
			);
			runOnlyForDeploymentPostprocessing = 0;
		};
/* End PBXFrameworksBuildPhase section */

/* Begin PBXGroup section */
		52E1FA4918256CA800E07979 = {
			isa = PBXGroup;
			children = (
				52E1FA5B18256CA800E07979 /* formTest */,
				52E1FA7A18256CA900E07979 /* formTestTests */,
				52E1FA5418256CA800E07979 /* Frameworks */,
				52E1FA5318256CA800E07979 /* Products */,
			);
			sourceTree = "<group>";
		};
		52E1FA5318256CA800E07979 /* Products */ = {
			isa = PBXGroup;
			children = (
				52E1FA5218256CA800E07979 /* formTest.app */,
				52E1FA7318256CA900E07979 /* formTestTests.xctest */,
			);
			name = Products;
			sourceTree = "<group>";
		};
		52E1FA5418256CA800E07979 /* Frameworks */ = {
			isa = PBXGroup;
			children = (
				52E1FA5518256CA800E07979 /* Foundation.framework */,
				52E1FA5718256CA800E07979 /* CoreGraphics.framework */,
				52E1FA5918256CA800E07979 /* UIKit.framework */,
				52E1FA7418256CA900E07979 /* XCTest.framework */,
			);
			name = Frameworks;
			sourceTree = "<group>";
		};
		52E1FA5B18256CA800E07979 /* formTest */ = {
			isa = PBXGroup;
			children = (
				52E1FA6418256CA800E07979 /* AppDelegate.h */,
				52E1FA6518256CA800E07979 /* AppDelegate.m */,
				52E1FA6718256CA800E07979 /* Main.storyboard */,
				52E1FA6A18256CA800E07979 /* ViewController.h */,
				52E1FA8A1825756600E07979 /* welcome.h */,
				52E1FA8B1825756600E07979 /* welcome.m */,
				52E1FA6B18256CA800E07979 /* ViewController.m */,
				52E1FA6D18256CA800E07979 /* Images.xcassets */,
				52E1FA5C18256CA800E07979 /* Supporting Files */,
			);
			path = formTest;
			sourceTree = "<group>";
		};
		52E1FA5C18256CA800E07979 /* Supporting Files */ = {
			isa = PBXGroup;
			children = (
				52E1FA5D18256CA800E07979 /* formTest-Info.plist */,
				52E1FA5E18256CA800E07979 /* InfoPlist.strings */,
				52E1FA6118256CA800E07979 /* main.m */,
				52E1FA6318256CA800E07979 /* formTest-Prefix.pch */,
			);
			name = "Supporting Files";
			sourceTree = "<group>";
		};
		52E1FA7A18256CA900E07979 /* formTestTests */ = {
			isa = PBXGroup;
			children = (
				52E1FA8018256CA900E07979 /* formTestTests.m */,
				52E1FA7B18256CA900E07979 /* Supporting Files */,
			);
			path = formTestTests;
			sourceTree = "<group>";
		};
		52E1FA7B18256CA900E07979 /* Supporting Files */ = {
			isa = PBXGroup;
			children = (
				52E1FA7C18256CA900E07979 /* formTestTests-Info.plist */,
				52E1FA7D18256CA900E07979 /* InfoPlist.strings */,
			);
			name = "Supporting Files";
			sourceTree = "<group>";
		};
/* End PBXGroup section */

/* Begin PBXNativeTarget section */
		52E1FA5118256CA800E07979 /* formTest */ = {
			isa = PBXNativeTarget;
			buildConfigurationList = 52E1FA8418256CA900E07979 /* Build configuration list for PBXNativeTarget "formTest" */;
			buildPhases = (
				52E1FA4E18256CA800E07979 /* Sources */,
				52E1FA4F18256CA800E07979 /* Frameworks */,
				52E1FA5018256CA800E07979 /* Resources */,
			);
			buildRules = (
			);
			dependencies = (
			);
			name = formTest;
			productName = formTest;
			productReference = 52E1FA5218256CA800E07979 /* formTest.app */;
			productType = "com.apple.product-type.application";
		};
		52E1FA7218256CA900E07979 /* formTestTests */ = {
			isa = PBXNativeTarget;
			buildConfigurationList = 52E1FA8718256CA900E07979 /* Build configuration list for PBXNativeTarget "formTestTests" */;
			buildPhases = (
				52E1FA6F18256CA900E07979 /* Sources */,
				52E1FA7018256CA900E07979 /* Frameworks */,
				52E1FA7118256CA900E07979 /* Resources */,
			);
			buildRules = (
			);
			dependencies = (
				52E1FA7918256CA900E07979 /* PBXTargetDependency */,
			);
			name = formTestTests;
			productName = formTestTests;
			productReference = 52E1FA7318256CA900E07979 /* formTestTests.xctest */;
			productType = "com.apple.product-type.bundle.unit-test";
		};
/* End PBXNativeTarget section */

/* Begin PBXProject section */
		52E1FA4A18256CA800E07979 /* Project object */ = {
			isa = PBXProject;
			attributes = {
				LastUpgradeCheck = 0500;
				ORGANIZATIONNAME = Juanci;
				TargetAttributes = {
					52E1FA7218256CA900E07979 = {
						TestTargetID = 52E1FA5118256CA800E07979;
					};
				};
			};
			buildConfigurationList = 52E1FA4D18256CA800E07979 /* Build configuration list for PBXProject "formTest" */;
			compatibilityVersion = "Xcode 3.2";
			developmentRegion = English;
			hasScannedForEncodings = 0;
			knownRegions = (
				en,
				Base,
			);
			mainGroup = 52E1FA4918256CA800E07979;
			productRefGroup = 52E1FA5318256CA800E07979 /* Products */;
			projectDirPath = "";
			projectRoot = "";
			targets = (
				52E1FA5118256CA800E07979 /* formTest */,
				52E1FA7218256CA900E07979 /* formTestTests */,
			);
		};
/* End PBXProject section */

/* Begin PBXResourcesBuildPhase section */
		52E1FA5018256CA800E07979 /* Resources */ = {
			isa = PBXResourcesBuildPhase;
			buildActionMask = 2147483647;
			files = (
				52E1FA6E18256CA800E07979 /* Images.xcassets in Resources */,
				52E1FA6018256CA800E07979 /* InfoPlist.strings in Resources */,
				52E1FA6918256CA800E07979 /* Main.storyboard in Resources */,
			);
			runOnlyForDeploymentPostprocessing = 0;
		};
		52E1FA7118256CA900E07979 /* Resources */ = {
			isa = PBXResourcesBuildPhase;
			buildActionMask = 2147483647;
			files = (
				52E1FA7F18256CA900E07979 /* InfoPlist.strings in Resources */,
			);
			runOnlyForDeploymentPostprocessing = 0;
		};
/* End PBXResourcesBuildPhase section */

/* Begin PBXSourcesBuildPhase section */
		52E1FA4E18256CA800E07979 /* Sources */ = {
			isa = PBXSourcesBuildPhase;
			buildActionMask = 2147483647;
			files = (
				52E1FA8C1825756600E07979 /* welcome.m in Sources */,
				52E1FA6C18256CA800E07979 /* ViewController.m in Sources */,
				52E1FA6618256CA800E07979 /* AppDelegate.m in Sources */,
				52E1FA6218256CA800E07979 /* main.m in Sources */,
			);
			runOnlyForDeploymentPostprocessing = 0;
		};
		52E1FA6F18256CA900E07979 /* Sources */ = {
			isa = PBXSourcesBuildPhase;
			buildActionMask = 2147483647;
			files = (
				52E1FA8118256CA900E07979 /* formTestTests.m in Sources */,
			);
			runOnlyForDeploymentPostprocessing = 0;
		};
/* End PBXSourcesBuildPhase section */

/* Begin PBXTargetDependency section */
		52E1FA7918256CA900E07979 /* PBXTargetDependency */ = {
			isa = PBXTargetDependency;
			target = 52E1FA5118256CA800E07979 /* formTest */;
			targetProxy = 52E1FA7818256CA900E07979 /* PBXContainerItemProxy */;
		};
/* End PBXTargetDependency section */

/* Begin PBXVariantGroup section */
		52E1FA5E18256CA800E07979 /* InfoPlist.strings */ = {
			isa = PBXVariantGroup;
			children = (
				52E1FA5F18256CA800E07979 /* en */,
			);
			name = InfoPlist.strings;
			sourceTree = "<group>";
		};
		52E1FA6718256CA800E07979 /* Main.storyboard */ = {
			isa = PBXVariantGroup;
			children = (
				52E1FA6818256CA800E07979 /* Base */,
			);
			name = Main.storyboard;
			sourceTree = "<group>";
		};
		52E1FA7D18256CA900E07979 /* InfoPlist.strings */ = {
			isa = PBXVariantGroup;
			children = (
				52E1FA7E18256CA900E07979 /* en */,
			);
			name = InfoPlist.strings;
			sourceTree = "<group>";
		};
/* End PBXVariantGroup section */

/* Begin XCBuildConfiguration section */
		52E1FA8218256CA900E07979 /* Debug */ = {
			isa = XCBuildConfiguration;
			buildSettings = {
				ALWAYS_SEARCH_USER_PATHS = NO;
				ARCHS = "$(ARCHS_STANDARD_INCLUDING_64_BIT)";
				CLANG_CXX_LANGUAGE_STANDARD = "gnu++0x";
				CLANG_CXX_LIBRARY = "libc++";
				CLANG_ENABLE_MODULES = YES;
				CLANG_ENABLE_OBJC_ARC = YES;
				CLANG_WARN_BOOL_CONVERSION = YES;
				CLANG_WARN_CONSTANT_CONVERSION = YES;
				CLANG_WARN_DIRECT_OBJC_ISA_USAGE = YES_ERROR;
				CLANG_WARN_EMPTY_BODY = YES;
				CLANG_WARN_ENUM_CONVERSION = YES;
				CLANG_WARN_INT_CONVERSION = YES;
				CLANG_WARN_OBJC_ROOT_CLASS = YES_ERROR;
				CLANG_WARN__DUPLICATE_METHOD_MATCH = YES;
				"CODE_SIGN_IDENTITY[sdk=iphoneos*]" = "iPhone Developer";
				COPY_PHASE_STRIP = NO;
				GCC_C_LANGUAGE_STANDARD = gnu99;
				GCC_DYNAMIC_NO_PIC = NO;
				GCC_OPTIMIZATION_LEVEL = 0;
				GCC_PREPROCESSOR_DEFINITIONS = (
					"DEBUG=1",
					"$(inherited)",
				);
				GCC_SYMBOLS_PRIVATE_EXTERN = NO;
				GCC_WARN_64_TO_32_BIT_CONVERSION = YES;
				GCC_WARN_ABOUT_RETURN_TYPE = YES_ERROR;
				GCC_WARN_UNDECLARED_SELECTOR = YES;
				GCC_WARN_UNINITIALIZED_AUTOS = YES;
				GCC_WARN_UNUSED_FUNCTION = YES;
				GCC_WARN_UNUSED_VARIABLE = YES;
				IPHONEOS_DEPLOYMENT_TARGET = 7.0;
				ONLY_ACTIVE_ARCH = YES;
				SDKROOT = iphoneos;
			};
			name = Debug;
		};
		52E1FA8318256CA900E07979 /* Release */ = {
			isa = XCBuildConfiguration;
			buildSettings = {
				ALWAYS_SEARCH_USER_PATHS = NO;
				ARCHS = "$(ARCHS_STANDARD_INCLUDING_64_BIT)";
				CLANG_CXX_LANGUAGE_STANDARD = "gnu++0x";
				CLANG_CXX_LIBRARY = "libc++";
				CLANG_ENABLE_MODULES = YES;
				CLANG_ENABLE_OBJC_ARC = YES;
				CLANG_WARN_BOOL_CONVERSION = YES;
				CLANG_WARN_CONSTANT_CONVERSION = YES;
				CLANG_WARN_DIRECT_OBJC_ISA_USAGE = YES_ERROR;
				CLANG_WARN_EMPTY_BODY = YES;
				CLANG_WARN_ENUM_CONVERSION = YES;
				CLANG_WARN_INT_CONVERSION = YES;
				CLANG_WARN_OBJC_ROOT_CLASS = YES_ERROR;
				CLANG_WARN__DUPLICATE_METHOD_MATCH = YES;
				"CODE_SIGN_IDENTITY[sdk=iphoneos*]" = "iPhone Developer";
				COPY_PHASE_STRIP = YES;
				ENABLE_NS_ASSERTIONS = NO;
				GCC_C_LANGUAGE_STANDARD = gnu99;
				GCC_WARN_64_TO_32_BIT_CONVERSION = YES;
				GCC_WARN_ABOUT_RETURN_TYPE = YES_ERROR;
				GCC_WARN_UNDECLARED_SELECTOR = YES;
				GCC_WARN_UNINITIALIZED_AUTOS = YES;
				GCC_WARN_UNUSED_FUNCTION = YES;
				GCC_WARN_UNUSED_VARIABLE = YES;
				IPHONEOS_DEPLOYMENT_TARGET = 7.0;
				SDKROOT = iphoneos;
				VALIDATE_PRODUCT = YES;
			};
			name = Release;
		};
		52E1FA8518256CA900E07979 /* Debug */ = {
			isa = XCBuildConfiguration;
			buildSettings = {
				ASSETCATALOG_COMPILER_APPICON_NAME = AppIcon;
				ASSETCATALOG_COMPILER_LAUNCHIMAGE_NAME = LaunchImage;
				GCC_PRECOMPILE_PREFIX_HEADER = YES;
				GCC_PREFIX_HEADER = "formTest/formTest-Prefix.pch";
				INFOPLIST_FILE = "formTest/formTest-Info.plist";
				PRODUCT_NAME = "$(TARGET_NAME)";
				WRAPPER_EXTENSION = app;
			};
			name = Debug;
		};
		52E1FA8618256CA900E07979 /* Release */ = {
			isa = XCBuildConfiguration;
			buildSettings = {
				ASSETCATALOG_COMPILER_APPICON_NAME = AppIcon;
				ASSETCATALOG_COMPILER_LAUNCHIMAGE_NAME = LaunchImage;
				GCC_PRECOMPILE_PREFIX_HEADER = YES;
				GCC_PREFIX_HEADER = "formTest/formTest-Prefix.pch";
				INFOPLIST_FILE = "formTest/formTest-Info.plist";
				PRODUCT_NAME = "$(TARGET_NAME)";
				WRAPPER_EXTENSION = app;
			};
			name = Release;
		};
		52E1FA8818256CA900E07979 /* Debug */ = {
			isa = XCBuildConfiguration;
			buildSettings = {
				ARCHS = "$(ARCHS_STANDARD_INCLUDING_64_BIT)";
				BUNDLE_LOADER = "$(BUILT_PRODUCTS_DIR)/formTest.app/formTest";
				FRAMEWORK_SEARCH_PATHS = (
					"$(SDKROOT)/Developer/Library/Frameworks",
					"$(inherited)",
					"$(DEVELOPER_FRAMEWORKS_DIR)",
				);
				GCC_PRECOMPILE_PREFIX_HEADER = YES;
				GCC_PREFIX_HEADER = "formTest/formTest-Prefix.pch";
				GCC_PREPROCESSOR_DEFINITIONS = (
					"DEBUG=1",
					"$(inherited)",
				);
				INFOPLIST_FILE = "formTestTests/formTestTests-Info.plist";
				PRODUCT_NAME = "$(TARGET_NAME)";
				TEST_HOST = "$(BUNDLE_LOADER)";
				WRAPPER_EXTENSION = xctest;
			};
			name = Debug;
		};
		52E1FA8918256CA900E07979 /* Release */ = {
			isa = XCBuildConfiguration;
			buildSettings = {
				ARCHS = "$(ARCHS_STANDARD_INCLUDING_64_BIT)";
				BUNDLE_LOADER = "$(BUILT_PRODUCTS_DIR)/formTest.app/formTest";
				FRAMEWORK_SEARCH_PATHS = (
					"$(SDKROOT)/Developer/Library/Frameworks",
					"$(inherited)",
					"$(DEVELOPER_FRAMEWORKS_DIR)",
				);
				GCC_PRECOMPILE_PREFIX_HEADER = YES;
				GCC_PREFIX_HEADER = "formTest/formTest-Prefix.pch";
				INFOPLIST_FILE = "formTestTests/formTestTests-Info.plist";
				PRODUCT_NAME = "$(TARGET_NAME)";
				TEST_HOST = "$(BUNDLE_LOADER)";
				WRAPPER_EXTENSION = xctest;
			};
			name = Release;
		};
/* End XCBuildConfiguration section */

/* Begin XCConfigurationList section */
		52E1FA4D18256CA800E07979 /* Build configuration list for PBXProject "formTest" */ = {
			isa = XCConfigurationList;
			buildConfigurations = (
				52E1FA8218256CA900E07979 /* Debug */,
				52E1FA8318256CA900E07979 /* Release */,
			);
			defaultConfigurationIsVisible = 0;
			defaultConfigurationName = Release;
		};
		52E1FA8418256CA900E07979 /* Build configuration list for PBXNativeTarget "formTest" */ = {
			isa = XCConfigurationList;
			buildConfigurations = (
				52E1FA8518256CA900E07979 /* Debug */,
				52E1FA8618256CA900E07979 /* Release */,
			);
			defaultConfigurationIsVisible = 0;
		};
		52E1FA8718256CA900E07979 /* Build configuration list for PBXNativeTarget "formTestTests" */ = {
			isa = XCConfigurationList;
			buildConfigurations = (
				52E1FA8818256CA900E07979 /* Debug */,
				52E1FA8918256CA900E07979 /* Release */,
			);
			defaultConfigurationIsVisible = 0;
		};
/* End XCConfigurationList section */
	};
	rootObject = 52E1FA4A18256CA800E07979 /* Project object */;
}
